
Microsoft Visual Studio Solution File, Format Version 12.00
# Visual Studio Version 17
VisualStudioVersion = 17.5.33516.290
MinimumVisualStudioVersion = 10.0.40219.1
Project("{9A19103F-16F7-4668-BE54-9A1E7A4F7556}") = "TAMHR.ESS.BupotWebUI", "TAMHR.ESS.BupotWebUI.csproj", "{7703A8C6-9D48-4E15-B37D-94553F0E6BD4}"
EndProject
Project("{9A19103F-16F7-4668-BE54-9A1E7A4F7556}") = "TAMHR.ESS.RenamePDFService", "..\TAMHR.ESS.RenamePDFService\TAMHR.ESS.RenamePDFService.csproj", "{F83B025A-EC50-4D06-8B23-C498E6A84C42}"
EndProject
Global
	GlobalSection(SolutionConfigurationPlatforms) = preSolution
		Debug|Any CPU = Debug|Any CPU
		Release|Any CPU = Release|Any CPU
	EndGlobalSection
	GlobalSection(ProjectConfigurationPlatforms) = postSolution
		{7703A8C6-9D48-4E15-B37D-94553F0E6BD4}.Debug|Any CPU.ActiveCfg = Debug|Any CPU
		{7703A8C6-9D48-4E15-B37D-94553F0E6BD4}.Debug|Any CPU.Build.0 = Debug|Any CPU
		{7703A8C6-9D48-4E15-B37D-94553F0E6BD4}.Release|Any CPU.ActiveCfg = Release|Any CPU
		{7703A8C6-9D48-4E15-B37D-94553F0E6BD4}.Release|Any CPU.Build.0 = Release|Any CPU
		{F83B025A-EC50-4D06-8B23-C498E6A84C42}.Debug|Any CPU.ActiveCfg = Debug|Any CPU
		{F83B025A-EC50-4D06-8B23-C498E6A84C42}.Debug|Any CPU.Build.0 = Debug|Any CPU
		{F83B025A-EC50-4D06-8B23-C498E6A84C42}.Release|Any CPU.ActiveCfg = Release|Any CPU
		{F83B025A-EC50-4D06-8B23-C498E6A84C42}.Release|Any CPU.Build.0 = Release|Any CPU
	EndGlobalSection
	GlobalSection(SolutionProperties) = preSolution
		HideSolutionNode = FALSE
	EndGlobalSection
	GlobalSection(ExtensibilityGlobals) = postSolution
		SolutionGuid = {A90A75B8-A477-4157-8168-FEF9778A5E07}
	EndGlobalSection
	GlobalSection(TeamFoundationVersionControl) = preSolution
		SccNumberOfProjects = 3
		SccEnterpriseProvider = {4CA58AB2-18FA-4F8D-95D4-32DDF27D184C}
		SccTeamFoundationServer = https://dev.azure.com/atlantica
		SccProjectUniqueName0 = ..\\TAMHR.ESS.RenamePDFService\\TAMHR.ESS.RenamePDFService.csproj
		SccProjectName0 = ../TAMHR.ESS.RenamePDFService
		SccLocalPath0 = ..\\TAMHR.ESS.RenamePDFService
		SccProjectUniqueName1 = TAMHR.ESS.BupotWebUI.csproj
		SccLocalPath1 = .
		SccLocalPath2 = .
	EndGlobalSection
EndGlobal
