{
  "name": "wwwroot",
  "version": "1.0.0",
  "lockfileVersion": 3,
  "requires": true,
  "packages": {
    "": {
      "name": "wwwroot",
      "version": "1.0.0",
      "license": "ISC",
      "dependencies": {
        "tinymce": "^7.9.1"
      }
    },
    "node_modules/tinymce": {
      "version": "7.9.1",
      "resolved": "https://registry.npmjs.org/tinymce/-/tinymce-7.9.1.tgz",
      "integrity": "sha512-zaOHwmiP1EqTeLRXAvVriDb00JYnfEjWGPdKEuac7MiZJ5aiDMZ4Unc98Gmajn+PBljOmO1GKV6G0KwWn3+k8A==",
      "license": "GPL-2.0-or-later"
    }
  }
}
